
Microsoft Visual Studio Solution File, Format Version 12.00
# Visual Studio Version 17
VisualStudioVersion = 17.11.35327.3
MinimumVisualStudioVersion = 10.0.40219.1
Project("{FAE04EC0-301F-11D3-BF4B-00C04F79EFBC}") = "WheelDeal", "WheelDeal.csproj", "{20307DFB-D79B-4669-B0AA-A7AB87AEA595}"
EndProject
Global
	GlobalSection(SolutionConfigurationPlatforms) = preSolution
		Debug|Any CPU = Debug|Any CPU
		Release|Any CPU = Release|Any CPU
	EndGlobalSection
	GlobalSection(ProjectConfigurationPlatforms) = postSolution
		{20307DFB-D79B-4669-B0AA-A7AB87AEA595}.Debug|Any CPU.ActiveCfg = Debug|Any CPU
		{20307DFB-D79B-4669-B0AA-A7AB87AEA595}.Debug|Any CPU.Build.0 = Debug|Any CPU
		{20307DFB-D79B-4669-B0AA-A7AB87AEA595}.Release|Any CPU.ActiveCfg = Release|Any CPU
		{20307DFB-D79B-4669-B0AA-A7AB87AEA595}.Release|Any CPU.Build.0 = Release|Any CPU
	EndGlobalSection
	GlobalSection(SolutionProperties) = preSolution
		HideSolutionNode = FALSE
	EndGlobalSection
	GlobalSection(ExtensibilityGlobals) = postSolution
		SolutionGuid = {3A93A8FE-D494-438D-803B-4B01D3A181E0}
	EndGlobalSection
EndGlobal
